
Microsoft Visual Studio Solution File, Format Version 12.00
# Visual Studio 14
VisualStudioVersion = 14.0.25420.1
MinimumVisualStudioVersion = 10.0.40219.1
Project("{FAE04EC0-301F-11D3-BF4B-00C04F79EFBC}") = "1BasicStructure", "1WpfBasicStructure\1BasicStructure.csproj", "{F5A42DAB-856E-4548-AF6C-5F551A8B3211}"
EndProject
Project("{FAE04EC0-301F-11D3-BF4B-00C04F79EFBC}") = "Layout", "2WpfLayout\Layout.csproj", "{9EB74BB1-7CD0-428F-9BDA-6531CD353305}"
EndProject
Project("{FAE04EC0-301F-11D3-BF4B-00C04F79EFBC}") = "3Binding2", "3Binding\3Binding2.csproj", "{2AD066F8-AA18-4BC6-8254-C232C7B1097F}"
EndProject
Project("{2150E333-8FDC-42A3-9474-1A3956D46DE8}") = "Layout", "Layout", "{7D8D387B-14E5-4503-9043-C6CA1ED46BBF}"
EndProject
Project("{FAE04EC0-301F-11D3-BF4B-00C04F79EFBC}") = "3Binding1", "3Binding1\3Binding1.csproj", "{8D4159AF-9C02-461F-ACFD-D4B0453C3596}"
EndProject
Project("{2150E333-8FDC-42A3-9474-1A3956D46DE8}") = "Binding", "Binding", "{F36EDBEA-2E7E-471B-9A80-9A79C25137A6}"
EndProject
Project("{2150E333-8FDC-42A3-9474-1A3956D46DE8}") = "DataBinding-Book", "DataBinding-Book", "{9711C4DA-5A61-438F-9436-739C5260B2D5}"
EndProject
Project("{FAE04EC0-301F-11D3-BF4B-00C04F79EFBC}") = "Binding", "Binding\Binding.csproj", "{A15A80B7-4CB8-4BF6-8A13-6A957963330F}"
EndProject
Project("{2150E333-8FDC-42A3-9474-1A3956D46DE8}") = "Binding1-3", "Binding1-3", "{5ADDDF75-DBA0-49A4-88B8-5753EE1E3A80}"
EndProject
Global
	GlobalSection(SolutionConfigurationPlatforms) = preSolution
		Debug|Any CPU = Debug|Any CPU
		Release|Any CPU = Release|Any CPU
	EndGlobalSection
	GlobalSection(ProjectConfigurationPlatforms) = postSolution
		{F5A42DAB-856E-4548-AF6C-5F551A8B3211}.Debug|Any CPU.ActiveCfg = Debug|Any CPU
		{F5A42DAB-856E-4548-AF6C-5F551A8B3211}.Debug|Any CPU.Build.0 = Debug|Any CPU
		{F5A42DAB-856E-4548-AF6C-5F551A8B3211}.Release|Any CPU.ActiveCfg = Release|Any CPU
		{F5A42DAB-856E-4548-AF6C-5F551A8B3211}.Release|Any CPU.Build.0 = Release|Any CPU
		{9EB74BB1-7CD0-428F-9BDA-6531CD353305}.Debug|Any CPU.ActiveCfg = Debug|Any CPU
		{9EB74BB1-7CD0-428F-9BDA-6531CD353305}.Debug|Any CPU.Build.0 = Debug|Any CPU
		{9EB74BB1-7CD0-428F-9BDA-6531CD353305}.Release|Any CPU.ActiveCfg = Release|Any CPU
		{9EB74BB1-7CD0-428F-9BDA-6531CD353305}.Release|Any CPU.Build.0 = Release|Any CPU
		{2AD066F8-AA18-4BC6-8254-C232C7B1097F}.Debug|Any CPU.ActiveCfg = Debug|Any CPU
		{2AD066F8-AA18-4BC6-8254-C232C7B1097F}.Debug|Any CPU.Build.0 = Debug|Any CPU
		{2AD066F8-AA18-4BC6-8254-C232C7B1097F}.Release|Any CPU.ActiveCfg = Release|Any CPU
		{2AD066F8-AA18-4BC6-8254-C232C7B1097F}.Release|Any CPU.Build.0 = Release|Any CPU
		{8D4159AF-9C02-461F-ACFD-D4B0453C3596}.Debug|Any CPU.ActiveCfg = Debug|Any CPU
		{8D4159AF-9C02-461F-ACFD-D4B0453C3596}.Debug|Any CPU.Build.0 = Debug|Any CPU
		{8D4159AF-9C02-461F-ACFD-D4B0453C3596}.Release|Any CPU.ActiveCfg = Release|Any CPU
		{8D4159AF-9C02-461F-ACFD-D4B0453C3596}.Release|Any CPU.Build.0 = Release|Any CPU
		{A15A80B7-4CB8-4BF6-8A13-6A957963330F}.Debug|Any CPU.ActiveCfg = Debug|Any CPU
		{A15A80B7-4CB8-4BF6-8A13-6A957963330F}.Debug|Any CPU.Build.0 = Debug|Any CPU
		{A15A80B7-4CB8-4BF6-8A13-6A957963330F}.Release|Any CPU.ActiveCfg = Release|Any CPU
		{A15A80B7-4CB8-4BF6-8A13-6A957963330F}.Release|Any CPU.Build.0 = Release|Any CPU
	EndGlobalSection
	GlobalSection(SolutionProperties) = preSolution
		HideSolutionNode = FALSE
	EndGlobalSection
	GlobalSection(NestedProjects) = preSolution
		{9EB74BB1-7CD0-428F-9BDA-6531CD353305} = {7D8D387B-14E5-4503-9043-C6CA1ED46BBF}
		{2AD066F8-AA18-4BC6-8254-C232C7B1097F} = {5ADDDF75-DBA0-49A4-88B8-5753EE1E3A80}
		{8D4159AF-9C02-461F-ACFD-D4B0453C3596} = {5ADDDF75-DBA0-49A4-88B8-5753EE1E3A80}
		{9711C4DA-5A61-438F-9436-739C5260B2D5} = {F36EDBEA-2E7E-471B-9A80-9A79C25137A6}
		{A15A80B7-4CB8-4BF6-8A13-6A957963330F} = {9711C4DA-5A61-438F-9436-739C5260B2D5}
		{5ADDDF75-DBA0-49A4-88B8-5753EE1E3A80} = {F36EDBEA-2E7E-471B-9A80-9A79C25137A6}
	EndGlobalSection
EndGlobal
